
Microsoft Visual Studio Solution File, Format Version 12.00
# Visual Studio Version 17
VisualStudioVersion = 17.1.31903.286
MinimumVisualStudioVersion = 10.0.40219.1
Project("{FAE04EC0-301F-11D3-BF4B-00C04F79EFBC}") = "VS.Data.Sqlite", "VS.Data.Sqlite\VS.Data.Sqlite.csproj", "{4CED057D-6DC6-47E0-AC9C-878664C9F4DD}"
EndProject
Project("{9A19103F-16F7-4668-BE54-9A1E7A4F7556}") = "VS.Data.Sqlite.IntegrationTests", "VS.Data.Sqlite.IntegrationTests\VS.Data.Sqlite.IntegrationTests.csproj", "{44561772-A0B0-491C-B1AB-7FD755AA5707}"
EndProject
Global
	GlobalSection(SolutionConfigurationPlatforms) = preSolution
		Debug|Any CPU = Debug|Any CPU
		Release|Any CPU = Release|Any CPU
	EndGlobalSection
	GlobalSection(ProjectConfigurationPlatforms) = postSolution
		{4CED057D-6DC6-47E0-AC9C-878664C9F4DD}.Debug|Any CPU.ActiveCfg = Debug|Any CPU
		{4CED057D-6DC6-47E0-AC9C-878664C9F4DD}.Debug|Any CPU.Build.0 = Debug|Any CPU
		{4CED057D-6DC6-47E0-AC9C-878664C9F4DD}.Release|Any CPU.ActiveCfg = Release|Any CPU
		{4CED057D-6DC6-47E0-AC9C-878664C9F4DD}.Release|Any CPU.Build.0 = Release|Any CPU
		{44561772-A0B0-491C-B1AB-7FD755AA5707}.Debug|Any CPU.ActiveCfg = Debug|Any CPU
		{44561772-A0B0-491C-B1AB-7FD755AA5707}.Debug|Any CPU.Build.0 = Debug|Any CPU
		{44561772-A0B0-491C-B1AB-7FD755AA5707}.Release|Any CPU.ActiveCfg = Release|Any CPU
		{44561772-A0B0-491C-B1AB-7FD755AA5707}.Release|Any CPU.Build.0 = Release|Any CPU
	EndGlobalSection
	GlobalSection(SolutionProperties) = preSolution
		HideSolutionNode = FALSE
	EndGlobalSection
	GlobalSection(ExtensibilityGlobals) = postSolution
		SolutionGuid = {FA6DF0E5-26CD-486C-87AF-B5983CC32B38}
	EndGlobalSection
EndGlobal
