
Microsoft Visual Studio Solution File, Format Version 12.00
# Visual Studio Version 17
VisualStudioVersion = 17.1.31903.286
MinimumVisualStudioVersion = 10.0.40219.1
Project("{FAE04EC0-301F-11D3-BF4B-00C04F79EFBC}") = "Debugging", "Debugging.csproj", "{ED4C4853-5685-455B-AEED-B22C60B62A2D}"
EndProject
Global
	GlobalSection(SolutionConfigurationPlatforms) = preSolution
		Debug|Any CPU = Debug|Any CPU
		Release|Any CPU = Release|Any CPU
	EndGlobalSection
	GlobalSection(ProjectConfigurationPlatforms) = postSolution
		{ED4C4853-5685-455B-AEED-B22C60B62A2D}.Debug|Any CPU.ActiveCfg = Debug|Any CPU
		{ED4C4853-5685-455B-AEED-B22C60B62A2D}.Debug|Any CPU.Build.0 = Debug|Any CPU
		{ED4C4853-5685-455B-AEED-B22C60B62A2D}.Release|Any CPU.ActiveCfg = Release|Any CPU
		{ED4C4853-5685-455B-AEED-B22C60B62A2D}.Release|Any CPU.Build.0 = Release|Any CPU
	EndGlobalSection
	GlobalSection(SolutionProperties) = preSolution
		HideSolutionNode = FALSE
	EndGlobalSection
	GlobalSection(ExtensibilityGlobals) = postSolution
		SolutionGuid = {F8468C72-4AB3-446F-89B0-B5AE204CA35E}
	EndGlobalSection
EndGlobal
